
Microsoft Visual Studio Solution File, Format Version 12.00
# Visual Studio Version 16
VisualStudioVersion = 16.0.28803.352
MinimumVisualStudioVersion = 10.0.40219.1
Project("{FAE04EC0-301F-11D3-BF4B-00C04F79EFBC}") = "OdeToFoodV2", "OdeToFoodV2\OdeToFoodV2.csproj", "{5816A148-8A04-4B61-B812-B4EA1190811E}"
EndProject
Project("{FAE04EC0-301F-11D3-BF4B-00C04F79EFBC}") = "OdeToFood.Core", "OdeToFood.Core\OdeToFood.Core.csproj", "{07E0AC6D-3623-45B6-A18E-892AB4700766}"
EndProject
Project("{FAE04EC0-301F-11D3-BF4B-00C04F79EFBC}") = "OdeToFood.Data", "OdeToFood.Data\OdeToFood.Data.csproj", "{3DFE4D2C-473D-40BB-BFF2-4BD723924831}"
EndProject
Global
	GlobalSection(SolutionConfigurationPlatforms) = preSolution
		Debug|Any CPU = Debug|Any CPU
		Release|Any CPU = Release|Any CPU
	EndGlobalSection
	GlobalSection(ProjectConfigurationPlatforms) = postSolution
		{5816A148-8A04-4B61-B812-B4EA1190811E}.Debug|Any CPU.ActiveCfg = Debug|Any CPU
		{5816A148-8A04-4B61-B812-B4EA1190811E}.Debug|Any CPU.Build.0 = Debug|Any CPU
		{5816A148-8A04-4B61-B812-B4EA1190811E}.Release|Any CPU.ActiveCfg = Release|Any CPU
		{5816A148-8A04-4B61-B812-B4EA1190811E}.Release|Any CPU.Build.0 = Release|Any CPU
		{07E0AC6D-3623-45B6-A18E-892AB4700766}.Debug|Any CPU.ActiveCfg = Debug|Any CPU
		{07E0AC6D-3623-45B6-A18E-892AB4700766}.Debug|Any CPU.Build.0 = Debug|Any CPU
		{07E0AC6D-3623-45B6-A18E-892AB4700766}.Release|Any CPU.ActiveCfg = Release|Any CPU
		{07E0AC6D-3623-45B6-A18E-892AB4700766}.Release|Any CPU.Build.0 = Release|Any CPU
		{3DFE4D2C-473D-40BB-BFF2-4BD723924831}.Debug|Any CPU.ActiveCfg = Debug|Any CPU
		{3DFE4D2C-473D-40BB-BFF2-4BD723924831}.Debug|Any CPU.Build.0 = Debug|Any CPU
		{3DFE4D2C-473D-40BB-BFF2-4BD723924831}.Release|Any CPU.ActiveCfg = Release|Any CPU
		{3DFE4D2C-473D-40BB-BFF2-4BD723924831}.Release|Any CPU.Build.0 = Release|Any CPU
	EndGlobalSection
	GlobalSection(SolutionProperties) = preSolution
		HideSolutionNode = FALSE
	EndGlobalSection
	GlobalSection(ExtensibilityGlobals) = postSolution
		SolutionGuid = {5151C020-E4F2-4AAD-81DA-1F4C5E577E4B}
	EndGlobalSection
EndGlobal
